
Microsoft Visual Studio Solution File, Format Version 12.00
# Visual Studio 15
VisualStudioVersion = 15.0.28010.2026
MinimumVisualStudioVersion = 10.0.40219.1
Project("{FAE04EC0-301F-11D3-BF4B-00C04F79EFBC}") = "array", "array\array.csproj", "{A47D7BAB-8E1F-4D2B-A56E-D22837F2C0FD}"
EndProject
Global
	GlobalSection(SolutionConfigurationPlatforms) = preSolution
		Debug|Any CPU = Debug|Any CPU
		Release|Any CPU = Release|Any CPU
	EndGlobalSection
	GlobalSection(ProjectConfigurationPlatforms) = postSolution
		{A47D7BAB-8E1F-4D2B-A56E-D22837F2C0FD}.Debug|Any CPU.ActiveCfg = Debug|Any CPU
		{A47D7BAB-8E1F-4D2B-A56E-D22837F2C0FD}.Debug|Any CPU.Build.0 = Debug|Any CPU
		{A47D7BAB-8E1F-4D2B-A56E-D22837F2C0FD}.Release|Any CPU.ActiveCfg = Release|Any CPU
		{A47D7BAB-8E1F-4D2B-A56E-D22837F2C0FD}.Release|Any CPU.Build.0 = Release|Any CPU
	EndGlobalSection
	GlobalSection(SolutionProperties) = preSolution
		HideSolutionNode = FALSE
	EndGlobalSection
	GlobalSection(ExtensibilityGlobals) = postSolution
		SolutionGuid = {5023E56D-E4D3-4458-964E-D9DD282F3F17}
	EndGlobalSection
EndGlobal
